// !$*UTF8*$!
{
	archiveVersion = 1;
	classes = {
	};
	objectVersion = 77;
	objects = {

/* Begin PBXContainerItemProxy section */
		D400C4BB2D08BCF900914384 /* PBXContainerItemProxy */ = {
			isa = PBXContainerItemProxy;
			containerPortal = D400C4A12D08BCF900914384 /* Project object */;
			proxyType = 1;
			remoteGlobalIDString = D400C4A82D08BCF900914384;
			remoteInfo = DevoxxTerminal;
		};
		D400C4C52D08BCF900914384 /* PBXContainerItemProxy */ = {
			isa = PBXContainerItemProxy;
			containerPortal = D400C4A12D08BCF900914384 /* Project object */;
			proxyType = 1;
			remoteGlobalIDString = D400C4A82D08BCF900914384;
			remoteInfo = DevoxxTerminal;
		};
/* End PBXContainerItemProxy section */

/* Begin PBXFileReference section */
		D400C4A92D08BCF900914384 /* DevoxxTerminal.app */ = {isa = PBXFileReference; explicitFileType = wrapper.application; includeInIndex = 0; path = DevoxxTerminal.app; sourceTree = BUILT_PRODUCTS_DIR; };
		D400C4BA2D08BCF900914384 /* DevoxxTerminalTests.xctest */ = {isa = PBXFileReference; explicitFileType = wrapper.cfbundle; includeInIndex = 0; path = DevoxxTerminalTests.xctest; sourceTree = BUILT_PRODUCTS_DIR; };
		D400C4C42D08BCF900914384 /* DevoxxTerminalUITests.xctest */ = {isa = PBXFileReference; explicitFileType = wrapper.cfbundle; includeInIndex = 0; path = DevoxxTerminalUITests.xctest; sourceTree = BUILT_PRODUCTS_DIR; };
/* End PBXFileReference section */

/* Begin PBXFileSystemSynchronizedRootGroup section */
		D400C4AB2D08BCF900914384 /* DevoxxTerminal */ = {
			isa = PBXFileSystemSynchronizedRootGroup;
			path = DevoxxTerminal;
			sourceTree = "<group>";
		};
		D400C4BD2D08BCF900914384 /* DevoxxTerminalTests */ = {
			isa = PBXFileSystemSynchronizedRootGroup;
			path = DevoxxTerminalTests;
			sourceTree = "<group>";
		};
		D400C4C72D08BCF900914384 /* DevoxxTerminalUITests */ = {
			isa = PBXFileSystemSynchronizedRootGroup;
			path = DevoxxTerminalUITests;
			sourceTree = "<group>";
		};
/* End PBXFileSystemSynchronizedRootGroup section */

/* Begin PBXFrameworksBuildPhase section */
		D400C4A62D08BCF900914384 /* Frameworks */ = {
			isa = PBXFrameworksBuildPhase;
			buildActionMask = 2147483647;
			files = (
			);
			runOnlyForDeploymentPostprocessing = 0;
		};
		D400C4B72D08BCF900914384 /* Frameworks */ = {
			isa = PBXFrameworksBuildPhase;
			buildActionMask = 2147483647;
			files = (
			);
			runOnlyForDeploymentPostprocessing = 0;
		};
		D400C4C12D08BCF900914384 /* Frameworks */ = {
			isa = PBXFrameworksBuildPhase;
			buildActionMask = 2147483647;
			files = (
			);
			runOnlyForDeploymentPostprocessing = 0;
		};
/* End PBXFrameworksBuildPhase section */

/* Begin PBXGroup section */
		D400C4A02D08BCF900914384 = {
			isa = PBXGroup;
			children = (
				D400C4AB2D08BCF900914384 /* DevoxxTerminal */,
				D400C4BD2D08BCF900914384 /* DevoxxTerminalTests */,
				D400C4C72D08BCF900914384 /* DevoxxTerminalUITests */,
				D400C4AA2D08BCF900914384 /* Products */,
			);
			sourceTree = "<group>";
		};
		D400C4AA2D08BCF900914384 /* Products */ = {
			isa = PBXGroup;
			children = (
				D400C4A92D08BCF900914384 /* DevoxxTerminal.app */,
				D400C4BA2D08BCF900914384 /* DevoxxTerminalTests.xctest */,
				D400C4C42D08BCF900914384 /* DevoxxTerminalUITests.xctest */,
			);
			name = Products;
			sourceTree = "<group>";
		};
/* End PBXGroup section */

/* Begin PBXNativeTarget section */
		D400C4A82D08BCF900914384 /* DevoxxTerminal */ = {
			isa = PBXNativeTarget;
			buildConfigurationList = D400C4CE2D08BCF900914384 /* Build configuration list for PBXNativeTarget "DevoxxTerminal" */;
			buildPhases = (
				D400C4A52D08BCF900914384 /* Sources */,
				D400C4A62D08BCF900914384 /* Frameworks */,
				D400C4A72D08BCF900914384 /* Resources */,
			);
			buildRules = (
			);
			dependencies = (
			);
			fileSystemSynchronizedGroups = (
				D400C4AB2D08BCF900914384 /* DevoxxTerminal */,
			);
			name = DevoxxTerminal;
			packageProductDependencies = (
			);
			productName = DevoxxTerminal;
			productReference = D400C4A92D08BCF900914384 /* DevoxxTerminal.app */;
			productType = "com.apple.product-type.application";
		};
		D400C4B92D08BCF900914384 /* DevoxxTerminalTests */ = {
			isa = PBXNativeTarget;
			buildConfigurationList = D400C4D12D08BCF900914384 /* Build configuration list for PBXNativeTarget "DevoxxTerminalTests" */;
			buildPhases = (
				D400C4B62D08BCF900914384 /* Sources */,
				D400C4B72D08BCF900914384 /* Frameworks */,
				D400C4B82D08BCF900914384 /* Resources */,
			);
			buildRules = (
			);
			dependencies = (
				D400C4BC2D08BCF900914384 /* PBXTargetDependency */,
			);
			fileSystemSynchronizedGroups = (
				D400C4BD2D08BCF900914384 /* DevoxxTerminalTests */,
			);
			name = DevoxxTerminalTests;
			packageProductDependencies = (
			);
			productName = DevoxxTerminalTests;
			productReference = D400C4BA2D08BCF900914384 /* DevoxxTerminalTests.xctest */;
			productType = "com.apple.product-type.bundle.unit-test";
		};
		D400C4C32D08BCF900914384 /* DevoxxTerminalUITests */ = {
			isa = PBXNativeTarget;
			buildConfigurationList = D400C4D42D08BCF900914384 /* Build configuration list for PBXNativeTarget "DevoxxTerminalUITests" */;
			buildPhases = (
				D400C4C02D08BCF900914384 /* Sources */,
				D400C4C12D08BCF900914384 /* Frameworks */,
				D400C4C22D08BCF900914384 /* Resources */,
			);
			buildRules = (
			);
			dependencies = (
				D400C4C62D08BCF900914384 /* PBXTargetDependency */,
			);
			fileSystemSynchronizedGroups = (
				D400C4C72D08BCF900914384 /* DevoxxTerminalUITests */,
			);
			name = DevoxxTerminalUITests;
			packageProductDependencies = (
			);
			productName = DevoxxTerminalUITests;
			productReference = D400C4C42D08BCF900914384 /* DevoxxTerminalUITests.xctest */;
			productType = "com.apple.product-type.bundle.ui-testing";
		};
/* End PBXNativeTarget section */

/* Begin PBXProject section */
		D400C4A12D08BCF900914384 /* Project object */ = {
			isa = PBXProject;
			attributes = {
				BuildIndependentTargetsInParallel = 1;
				LastSwiftUpdateCheck = 1610;
				LastUpgradeCheck = 1610;
				TargetAttributes = {
					D400C4A82D08BCF900914384 = {
						CreatedOnToolsVersion = 16.1;
					};
					D400C4B92D08BCF900914384 = {
						CreatedOnToolsVersion = 16.1;
						TestTargetID = D400C4A82D08BCF900914384;
					};
					D400C4C32D08BCF900914384 = {
						CreatedOnToolsVersion = 16.1;
						TestTargetID = D400C4A82D08BCF900914384;
					};
				};
			};
			buildConfigurationList = D400C4A42D08BCF900914384 /* Build configuration list for PBXProject "DevoxxTerminal" */;
			developmentRegion = en;
			hasScannedForEncodings = 0;
			knownRegions = (
				en,
				Base,
			);
			mainGroup = D400C4A02D08BCF900914384;
			minimizedProjectReferenceProxies = 1;
			preferredProjectObjectVersion = 77;
			productRefGroup = D400C4AA2D08BCF900914384 /* Products */;
			projectDirPath = "";
			projectRoot = "";
			targets = (
				D400C4A82D08BCF900914384 /* DevoxxTerminal */,
				D400C4B92D08BCF900914384 /* DevoxxTerminalTests */,
				D400C4C32D08BCF900914384 /* DevoxxTerminalUITests */,
			);
		};
/* End PBXProject section */

/* Begin PBXResourcesBuildPhase section */
		D400C4A72D08BCF900914384 /* Resources */ = {
			isa = PBXResourcesBuildPhase;
			buildActionMask = 2147483647;
			files = (
			);
			runOnlyForDeploymentPostprocessing = 0;
		};
		D400C4B82D08BCF900914384 /* Resources */ = {
			isa = PBXResourcesBuildPhase;
			buildActionMask = 2147483647;
			files = (
			);
			runOnlyForDeploymentPostprocessing = 0;
		};
		D400C4C22D08BCF900914384 /* Resources */ = {
			isa = PBXResourcesBuildPhase;
			buildActionMask = 2147483647;
			files = (
			);
			runOnlyForDeploymentPostprocessing = 0;
		};
/* End PBXResourcesBuildPhase section */

/* Begin PBXSourcesBuildPhase section */
		D400C4A52D08BCF900914384 /* Sources */ = {
			isa = PBXSourcesBuildPhase;
			buildActionMask = 2147483647;
			files = (
			);
			runOnlyForDeploymentPostprocessing = 0;
		};
		D400C4B62D08BCF900914384 /* Sources */ = {
			isa = PBXSourcesBuildPhase;
			buildActionMask = 2147483647;
			files = (
			);
			runOnlyForDeploymentPostprocessing = 0;
		};
		D400C4C02D08BCF900914384 /* Sources */ = {
			isa = PBXSourcesBuildPhase;
			buildActionMask = 2147483647;
			files = (
			);
			runOnlyForDeploymentPostprocessing = 0;
		};
/* End PBXSourcesBuildPhase section */

/* Begin PBXTargetDependency section */
		D400C4BC2D08BCF900914384 /* PBXTargetDependency */ = {
			isa = PBXTargetDependency;
			target = D400C4A82D08BCF900914384 /* DevoxxTerminal */;
			targetProxy = D400C4BB2D08BCF900914384 /* PBXContainerItemProxy */;
		};
		D400C4C62D08BCF900914384 /* PBXTargetDependency */ = {
			isa = PBXTargetDependency;
			target = D400C4A82D08BCF900914384 /* DevoxxTerminal */;
			targetProxy = D400C4C52D08BCF900914384 /* PBXContainerItemProxy */;
		};
/* End PBXTargetDependency section */

/* Begin XCBuildConfiguration section */
		D400C4CC2D08BCF900914384 /* Debug */ = {
			isa = XCBuildConfiguration;
			buildSettings = {
				ALWAYS_SEARCH_USER_PATHS = NO;
				ASSETCATALOG_COMPILER_GENERATE_SWIFT_ASSET_SYMBOL_EXTENSIONS = YES;
				CLANG_ANALYZER_NONNULL = YES;
				CLANG_ANALYZER_NUMBER_OBJECT_CONVERSION = YES_AGGRESSIVE;
				CLANG_CXX_LANGUAGE_STANDARD = "gnu++20";
				CLANG_ENABLE_MODULES = YES;
				CLANG_ENABLE_OBJC_ARC = YES;
				CLANG_ENABLE_OBJC_WEAK = YES;
				CLANG_WARN_BLOCK_CAPTURE_AUTORELEASING = YES;
				CLANG_WARN_BOOL_CONVERSION = YES;
				CLANG_WARN_COMMA = YES;
				CLANG_WARN_CONSTANT_CONVERSION = YES;
				CLANG_WARN_DEPRECATED_OBJC_IMPLEMENTATIONS = YES;
				CLANG_WARN_DIRECT_OBJC_ISA_USAGE = YES_ERROR;
				CLANG_WARN_DOCUMENTATION_COMMENTS = YES;
				CLANG_WARN_EMPTY_BODY = YES;
				CLANG_WARN_ENUM_CONVERSION = YES;
				CLANG_WARN_INFINITE_RECURSION = YES;
				CLANG_WARN_INT_CONVERSION = YES;
				CLANG_WARN_NON_LITERAL_NULL_CONVERSION = YES;
				CLANG_WARN_OBJC_IMPLICIT_RETAIN_SELF = YES;
				CLANG_WARN_OBJC_LITERAL_CONVERSION = YES;
				CLANG_WARN_OBJC_ROOT_CLASS = YES_ERROR;
				CLANG_WARN_QUOTED_INCLUDE_IN_FRAMEWORK_HEADER = YES;
				CLANG_WARN_RANGE_LOOP_ANALYSIS = YES;
				CLANG_WARN_STRICT_PROTOTYPES = YES;
				CLANG_WARN_SUSPICIOUS_MOVE = YES;
				CLANG_WARN_UNGUARDED_AVAILABILITY = YES_AGGRESSIVE;
				CLANG_WARN_UNREACHABLE_CODE = YES;
				CLANG_WARN__DUPLICATE_METHOD_MATCH = YES;
				COPY_PHASE_STRIP = NO;
				DEBUG_INFORMATION_FORMAT = dwarf;
				ENABLE_STRICT_OBJC_MSGSEND = YES;
				ENABLE_TESTABILITY = YES;
				ENABLE_USER_SCRIPT_SANDBOXING = YES;
				GCC_C_LANGUAGE_STANDARD = gnu17;
				GCC_DYNAMIC_NO_PIC = NO;
				GCC_NO_COMMON_BLOCKS = YES;
				GCC_OPTIMIZATION_LEVEL = 0;
				GCC_PREPROCESSOR_DEFINITIONS = (
					"DEBUG=1",
					"$(inherited)",
				);
				GCC_WARN_64_TO_32_BIT_CONVERSION = YES;
				GCC_WARN_ABOUT_RETURN_TYPE = YES_ERROR;
				GCC_WARN_UNDECLARED_SELECTOR = YES;
				GCC_WARN_UNINITIALIZED_AUTOS = YES_AGGRESSIVE;
				GCC_WARN_UNUSED_FUNCTION = YES;
				GCC_WARN_UNUSED_VARIABLE = YES;
				LOCALIZATION_PREFERS_STRING_CATALOGS = YES;
				MACOSX_DEPLOYMENT_TARGET = 15.1;
				MTL_ENABLE_DEBUG_INFO = INCLUDE_SOURCE;
				MTL_FAST_MATH = YES;
				ONLY_ACTIVE_ARCH = YES;
				SDKROOT = macosx;
				SWIFT_ACTIVE_COMPILATION_CONDITIONS = "DEBUG $(inherited)";
				SWIFT_OPTIMIZATION_LEVEL = "-Onone";
			};
			name = Debug;
		};
		D400C4CD2D08BCF900914384 /* Release */ = {
			isa = XCBuildConfiguration;
			buildSettings = {
				ALWAYS_SEARCH_USER_PATHS = NO;
				ASSETCATALOG_COMPILER_GENERATE_SWIFT_ASSET_SYMBOL_EXTENSIONS = YES;
				CLANG_ANALYZER_NONNULL = YES;
				CLANG_ANALYZER_NUMBER_OBJECT_CONVERSION = YES_AGGRESSIVE;
				CLANG_CXX_LANGUAGE_STANDARD = "gnu++20";
				CLANG_ENABLE_MODULES = YES;
				CLANG_ENABLE_OBJC_ARC = YES;
				CLANG_ENABLE_OBJC_WEAK = YES;
				CLANG_WARN_BLOCK_CAPTURE_AUTORELEASING = YES;
				CLANG_WARN_BOOL_CONVERSION = YES;
				CLANG_WARN_COMMA = YES;
				CLANG_WARN_CONSTANT_CONVERSION = YES;
				CLANG_WARN_DEPRECATED_OBJC_IMPLEMENTATIONS = YES;
				CLANG_WARN_DIRECT_OBJC_ISA_USAGE = YES_ERROR;
				CLANG_WARN_DOCUMENTATION_COMMENTS = YES;
				CLANG_WARN_EMPTY_BODY = YES;
				CLANG_WARN_ENUM_CONVERSION = YES;
				CLANG_WARN_INFINITE_RECURSION = YES;
				CLANG_WARN_INT_CONVERSION = YES;
				CLANG_WARN_NON_LITERAL_NULL_CONVERSION = YES;
				CLANG_WARN_OBJC_IMPLICIT_RETAIN_SELF = YES;
				CLANG_WARN_OBJC_LITERAL_CONVERSION = YES;
				CLANG_WARN_OBJC_ROOT_CLASS = YES_ERROR;
				CLANG_WARN_QUOTED_INCLUDE_IN_FRAMEWORK_HEADER = YES;
				CLANG_WARN_RANGE_LOOP_ANALYSIS = YES;
				CLANG_WARN_STRICT_PROTOTYPES = YES;
				CLANG_WARN_SUSPICIOUS_MOVE = YES;
				CLANG_WARN_UNGUARDED_AVAILABILITY = YES_AGGRESSIVE;
				CLANG_WARN_UNREACHABLE_CODE = YES;
				CLANG_WARN__DUPLICATE_METHOD_MATCH = YES;
				COPY_PHASE_STRIP = NO;
				DEBUG_INFORMATION_FORMAT = "dwarf-with-dsym";
				ENABLE_NS_ASSERTIONS = NO;
				ENABLE_STRICT_OBJC_MSGSEND = YES;
				ENABLE_USER_SCRIPT_SANDBOXING = YES;
				GCC_C_LANGUAGE_STANDARD = gnu17;
				GCC_NO_COMMON_BLOCKS = YES;
				GCC_WARN_64_TO_32_BIT_CONVERSION = YES;
				GCC_WARN_ABOUT_RETURN_TYPE = YES_ERROR;
				GCC_WARN_UNDECLARED_SELECTOR = YES;
				GCC_WARN_UNINITIALIZED_AUTOS = YES_AGGRESSIVE;
				GCC_WARN_UNUSED_FUNCTION = YES;
				GCC_WARN_UNUSED_VARIABLE = YES;
				LOCALIZATION_PREFERS_STRING_CATALOGS = YES;
				MACOSX_DEPLOYMENT_TARGET = 15.1;
				MTL_ENABLE_DEBUG_INFO = NO;
				MTL_FAST_MATH = YES;
				SDKROOT = macosx;
				SWIFT_COMPILATION_MODE = wholemodule;
			};
			name = Release;
		};
		D400C4CF2D08BCF900914384 /* Debug */ = {
			isa = XCBuildConfiguration;
			buildSettings = {
				ASSETCATALOG_COMPILER_APPICON_NAME = AppIcon;
				ASSETCATALOG_COMPILER_GLOBAL_ACCENT_COLOR_NAME = AccentColor;
				CODE_SIGN_ENTITLEMENTS = DevoxxTerminal/DevoxxTerminal.entitlements;
				CODE_SIGN_STYLE = Automatic;
				COMBINE_HIDPI_IMAGES = YES;
				CURRENT_PROJECT_VERSION = 1;
				DEVELOPMENT_ASSET_PATHS = "\"DevoxxTerminal/Preview Content\"";
				ENABLE_PREVIEWS = YES;
				GENERATE_INFOPLIST_FILE = YES;
				INFOPLIST_KEY_NSHumanReadableCopyright = "";
				LD_RUNPATH_SEARCH_PATHS = (
					"$(inherited)",
					"@executable_path/../Frameworks",
				);
				MARKETING_VERSION = 1.0;
				PRODUCT_BUNDLE_IDENTIFIER = com.devoxx.shell.DevoxxTerminal;
				PRODUCT_NAME = "$(TARGET_NAME)";
				SWIFT_EMIT_LOC_STRINGS = YES;
				SWIFT_VERSION = 5.0;
			};
			name = Debug;
		};
		D400C4D02D08BCF900914384 /* Release */ = {
			isa = XCBuildConfiguration;
			buildSettings = {
				ASSETCATALOG_COMPILER_APPICON_NAME = AppIcon;
				ASSETCATALOG_COMPILER_GLOBAL_ACCENT_COLOR_NAME = AccentColor;
				CODE_SIGN_ENTITLEMENTS = DevoxxTerminal/DevoxxTerminal.entitlements;
				CODE_SIGN_STYLE = Automatic;
				COMBINE_HIDPI_IMAGES = YES;
				CURRENT_PROJECT_VERSION = 1;
				DEVELOPMENT_ASSET_PATHS = "\"DevoxxTerminal/Preview Content\"";
				ENABLE_PREVIEWS = YES;
				GENERATE_INFOPLIST_FILE = YES;
				INFOPLIST_KEY_NSHumanReadableCopyright = "";
				LD_RUNPATH_SEARCH_PATHS = (
					"$(inherited)",
					"@executable_path/../Frameworks",
				);
				MARKETING_VERSION = 1.0;
				PRODUCT_BUNDLE_IDENTIFIER = com.devoxx.shell.DevoxxTerminal;
				PRODUCT_NAME = "$(TARGET_NAME)";
				SWIFT_EMIT_LOC_STRINGS = YES;
				SWIFT_VERSION = 5.0;
			};
			name = Release;
		};
		D400C4D22D08BCF900914384 /* Debug */ = {
			isa = XCBuildConfiguration;
			buildSettings = {
				BUNDLE_LOADER = "$(TEST_HOST)";
				CODE_SIGN_STYLE = Automatic;
				CURRENT_PROJECT_VERSION = 1;
				GENERATE_INFOPLIST_FILE = YES;
				MACOSX_DEPLOYMENT_TARGET = 15.1;
				MARKETING_VERSION = 1.0;
				PRODUCT_BUNDLE_IDENTIFIER = com.devoxx.shell.DevoxxTerminalTests;
				PRODUCT_NAME = "$(TARGET_NAME)";
				SWIFT_EMIT_LOC_STRINGS = NO;
				SWIFT_VERSION = 5.0;
				TEST_HOST = "$(BUILT_PRODUCTS_DIR)/DevoxxTerminal.app/$(BUNDLE_EXECUTABLE_FOLDER_PATH)/DevoxxTerminal";
			};
			name = Debug;
		};
		D400C4D32D08BCF900914384 /* Release */ = {
			isa = XCBuildConfiguration;
			buildSettings = {
				BUNDLE_LOADER = "$(TEST_HOST)";
				CODE_SIGN_STYLE = Automatic;
				CURRENT_PROJECT_VERSION = 1;
				GENERATE_INFOPLIST_FILE = YES;
				MACOSX_DEPLOYMENT_TARGET = 15.1;
				MARKETING_VERSION = 1.0;
				PRODUCT_BUNDLE_IDENTIFIER = com.devoxx.shell.DevoxxTerminalTests;
				PRODUCT_NAME = "$(TARGET_NAME)";
				SWIFT_EMIT_LOC_STRINGS = NO;
				SWIFT_VERSION = 5.0;
				TEST_HOST = "$(BUILT_PRODUCTS_DIR)/DevoxxTerminal.app/$(BUNDLE_EXECUTABLE_FOLDER_PATH)/DevoxxTerminal";
			};
			name = Release;
		};
		D400C4D52D08BCF900914384 /* Debug */ = {
			isa = XCBuildConfiguration;
			buildSettings = {
				CODE_SIGN_STYLE = Automatic;
				CURRENT_PROJECT_VERSION = 1;
				GENERATE_INFOPLIST_FILE = YES;
				MARKETING_VERSION = 1.0;
				PRODUCT_BUNDLE_IDENTIFIER = com.devoxx.shell.DevoxxTerminalUITests;
				PRODUCT_NAME = "$(TARGET_NAME)";
				SWIFT_EMIT_LOC_STRINGS = NO;
				SWIFT_VERSION = 5.0;
				TEST_TARGET_NAME = DevoxxTerminal;
			};
			name = Debug;
		};
		D400C4D62D08BCF900914384 /* Release */ = {
			isa = XCBuildConfiguration;
			buildSettings = {
				CODE_SIGN_STYLE = Automatic;
				CURRENT_PROJECT_VERSION = 1;
				GENERATE_INFOPLIST_FILE = YES;
				MARKETING_VERSION = 1.0;
				PRODUCT_BUNDLE_IDENTIFIER = com.devoxx.shell.DevoxxTerminalUITests;
				PRODUCT_NAME = "$(TARGET_NAME)";
				SWIFT_EMIT_LOC_STRINGS = NO;
				SWIFT_VERSION = 5.0;
				TEST_TARGET_NAME = DevoxxTerminal;
			};
			name = Release;
		};
/* End XCBuildConfiguration section */

/* Begin XCConfigurationList section */
		D400C4A42D08BCF900914384 /* Build configuration list for PBXProject "DevoxxTerminal" */ = {
			isa = XCConfigurationList;
			buildConfigurations = (
				D400C4CC2D08BCF900914384 /* Debug */,
				D400C4CD2D08BCF900914384 /* Release */,
			);
			defaultConfigurationIsVisible = 0;
			defaultConfigurationName = Release;
		};
		D400C4CE2D08BCF900914384 /* Build configuration list for PBXNativeTarget "DevoxxTerminal" */ = {
			isa = XCConfigurationList;
			buildConfigurations = (
				D400C4CF2D08BCF900914384 /* Debug */,
				D400C4D02D08BCF900914384 /* Release */,
			);
			defaultConfigurationIsVisible = 0;
			defaultConfigurationName = Release;
		};
		D400C4D12D08BCF900914384 /* Build configuration list for PBXNativeTarget "DevoxxTerminalTests" */ = {
			isa = XCConfigurationList;
			buildConfigurations = (
				D400C4D22D08BCF900914384 /* Debug */,
				D400C4D32D08BCF900914384 /* Release */,
			);
			defaultConfigurationIsVisible = 0;
			defaultConfigurationName = Release;
		};
		D400C4D42D08BCF900914384 /* Build configuration list for PBXNativeTarget "DevoxxTerminalUITests" */ = {
			isa = XCConfigurationList;
			buildConfigurations = (
				D400C4D52D08BCF900914384 /* Debug */,
				D400C4D62D08BCF900914384 /* Release */,
			);
			defaultConfigurationIsVisible = 0;
			defaultConfigurationName = Release;
		};
/* End XCConfigurationList section */
	};
	rootObject = D400C4A12D08BCF900914384 /* Project object */;
}
